
Microsoft Visual Studio Solution File, Format Version 12.00
# Visual Studio Version 17
VisualStudioVersion = 17.0.31903.59
MinimumVisualStudioVersion = 10.0.40219.1
Project("{9A19103F-16F7-4668-BE54-9A1E7A4F7556}") = "Neshan.Site", "Neshan.Site\Neshan.Site.csproj", "{FFAC83AB-E5A5-48BC-8140-39748BD15E79}"
EndProject
Project("{9A19103F-16F7-4668-BE54-9A1E7A4F7556}") = "Neshan.Domain", "Neshan.Domain\Neshan.Domain.csproj", "{540F08D2-0C82-49C4-AA02-83E1B3441437}"
EndProject
Project("{9A19103F-16F7-4668-BE54-9A1E7A4F7556}") = "Neshan.Infrastructure", "Neshan.Infrastructure\Neshan.Infrastructure.csproj", "{535751FD-FF55-4C32-ACCB-26114098A31B}"
EndProject
Project("{9A19103F-16F7-4668-BE54-9A1E7A4F7556}") = "Library.Core", "Library.Core\Library.Core.csproj", "{8AFC6634-2943-4058-816B-FC737177A295}"
EndProject
Project("{FAE04EC0-301F-11D3-BF4B-00C04F79EFBC}") = "Neshan.Application", "Neshan.Application\Neshan.Application.csproj", "{409E849F-C313-45F8-8F05-30E1ACD10388}"
EndProject
Global
	GlobalSection(SolutionConfigurationPlatforms) = preSolution
		Debug|Any CPU = Debug|Any CPU
		Release|Any CPU = Release|Any CPU
	EndGlobalSection
	GlobalSection(ProjectConfigurationPlatforms) = postSolution
		{FFAC83AB-E5A5-48BC-8140-39748BD15E79}.Debug|Any CPU.ActiveCfg = Debug|Any CPU
		{FFAC83AB-E5A5-48BC-8140-39748BD15E79}.Debug|Any CPU.Build.0 = Debug|Any CPU
		{FFAC83AB-E5A5-48BC-8140-39748BD15E79}.Release|Any CPU.ActiveCfg = Release|Any CPU
		{FFAC83AB-E5A5-48BC-8140-39748BD15E79}.Release|Any CPU.Build.0 = Release|Any CPU
		{540F08D2-0C82-49C4-AA02-83E1B3441437}.Debug|Any CPU.ActiveCfg = Debug|Any CPU
		{540F08D2-0C82-49C4-AA02-83E1B3441437}.Debug|Any CPU.Build.0 = Debug|Any CPU
		{540F08D2-0C82-49C4-AA02-83E1B3441437}.Release|Any CPU.ActiveCfg = Release|Any CPU
		{540F08D2-0C82-49C4-AA02-83E1B3441437}.Release|Any CPU.Build.0 = Release|Any CPU
		{535751FD-FF55-4C32-ACCB-26114098A31B}.Debug|Any CPU.ActiveCfg = Debug|Any CPU
		{535751FD-FF55-4C32-ACCB-26114098A31B}.Debug|Any CPU.Build.0 = Debug|Any CPU
		{535751FD-FF55-4C32-ACCB-26114098A31B}.Release|Any CPU.ActiveCfg = Release|Any CPU
		{535751FD-FF55-4C32-ACCB-26114098A31B}.Release|Any CPU.Build.0 = Release|Any CPU
		{8AFC6634-2943-4058-816B-FC737177A295}.Debug|Any CPU.ActiveCfg = Debug|Any CPU
		{8AFC6634-2943-4058-816B-FC737177A295}.Debug|Any CPU.Build.0 = Debug|Any CPU
		{8AFC6634-2943-4058-816B-FC737177A295}.Release|Any CPU.ActiveCfg = Release|Any CPU
		{8AFC6634-2943-4058-816B-FC737177A295}.Release|Any CPU.Build.0 = Release|Any CPU
		{409E849F-C313-45F8-8F05-30E1ACD10388}.Debug|Any CPU.ActiveCfg = Debug|Any CPU
		{409E849F-C313-45F8-8F05-30E1ACD10388}.Debug|Any CPU.Build.0 = Debug|Any CPU
		{409E849F-C313-45F8-8F05-30E1ACD10388}.Release|Any CPU.ActiveCfg = Release|Any CPU
		{409E849F-C313-45F8-8F05-30E1ACD10388}.Release|Any CPU.Build.0 = Release|Any CPU
	EndGlobalSection
	GlobalSection(SolutionProperties) = preSolution
		HideSolutionNode = FALSE
	EndGlobalSection
	GlobalSection(ExtensibilityGlobals) = postSolution
		SolutionGuid = {8BA9FBBB-0B00-484A-A179-9D8E022FEE6A}
	EndGlobalSection
EndGlobal
